
Microsoft Visual Studio Solution File, Format Version 12.00
# Visual Studio 15
VisualStudioVersion = 15.0.27703.2000
MinimumVisualStudioVersion = 10.0.40219.1
Project("{888888A0-9F3D-457C-B088-3A5042F75D52}") = "PythonPlot", "PythonPlot\PythonPlot.pyproj", "{2294FBA3-1789-4816-85F0-B3B22417AA2E}"
EndProject
Global
	GlobalSection(SolutionConfigurationPlatforms) = preSolution
		Debug|Any CPU = Debug|Any CPU
		Release|Any CPU = Release|Any CPU
	EndGlobalSection
	GlobalSection(ProjectConfigurationPlatforms) = postSolution
		{2294FBA3-1789-4816-85F0-B3B22417AA2E}.Debug|Any CPU.ActiveCfg = Debug|Any CPU
		{2294FBA3-1789-4816-85F0-B3B22417AA2E}.Release|Any CPU.ActiveCfg = Release|Any CPU
	EndGlobalSection
	GlobalSection(SolutionProperties) = preSolution
		HideSolutionNode = FALSE
	EndGlobalSection
	GlobalSection(ExtensibilityGlobals) = postSolution
		SolutionGuid = {06783831-3F6D-4266-BECA-230D62222048}
	EndGlobalSection
EndGlobal
